{
  "version": 4,
  "terraform_version": "1.4.3",
  "serial": 9,
  "lineage": "770fb69b-db65-8929-ee98-f67d60836280",
  "outputs": {
    "clone_url": {
      "value": "git://github.com/ikscream/ikscream.github.io.git",
      "type": "string"
    }
  },
  "resources": [
    {
      "mode": "managed",
      "type": "github_repository",
      "name": "repo",
      "provider": "provider[\"registry.terraform.io/hashicorp/github\"]",
      "instances": [
        {
          "schema_version": 1,
          "attributes": {
            "allow_auto_merge": false,
            "allow_merge_commit": true,
            "allow_rebase_merge": true,
            "allow_squash_merge": true,
            "allow_update_branch": false,
            "archive_on_destroy": null,
            "archived": false,
            "auto_init": null,
            "default_branch": "main",
            "delete_branch_on_merge": false,
            "description": "A new repository managed by Terraform",
            "etag": "W/\"0587baebaeb8ea31ff2c34286076278389a82c3fa3a4fa2bcce3b4d878eb980e\"",
            "full_name": "ikscream/ikscream.github.io",
            "git_clone_url": "git://github.com/ikscream/ikscream.github.io.git",
            "gitignore_template": null,
            "has_discussions": false,
            "has_downloads": false,
            "has_issues": false,
            "has_projects": false,
            "has_wiki": false,
            "homepage_url": "",
            "html_url": "https://github.com/ikscream/ikscream.github.io",
            "http_clone_url": "https://github.com/ikscream/ikscream.github.io.git",
            "id": "ikscream.github.io",
            "ignore_vulnerability_alerts_during_read": null,
            "is_template": false,
            "license_template": null,
            "merge_commit_message": "PR_TITLE",
            "merge_commit_title": "MERGE_MESSAGE",
            "name": "ikscream.github.io",
            "node_id": "R_kgDOLBCaJA",
            "pages": [],
            "primary_language": "HCL",
            "private": false,
            "repo_id": 739285540,
            "security_and_analysis": [
              {
                "advanced_security": [],
                "secret_scanning": [
                  {
                    "status": "disabled"
                  }
                ],
                "secret_scanning_push_protection": [
                  {
                    "status": "disabled"
                  }
                ]
              }
            ],
            "squash_merge_commit_message": "COMMIT_MESSAGES",
            "squash_merge_commit_title": "COMMIT_OR_PR_TITLE",
            "ssh_clone_url": "git@github.com:ikscream/ikscream.github.io.git",
            "svn_url": "https://github.com/ikscream/ikscream.github.io",
            "template": [],
            "topics": [],
            "visibility": "private",
            "vulnerability_alerts": false,
            "web_commit_signoff_required": false
          },
          "sensitive_attributes": [],
          "private": "eyJzY2hlbWFfdmVyc2lvbiI6IjEifQ=="
        }
      ]
    }
  ],
  "check_results": null
}
